
Microsoft Visual Studio Solution File, Format Version 12.00
# Visual Studio 15
VisualStudioVersion = 15.0.26430.14
MinimumVisualStudioVersion = 10.0.40219.1
Project("{9A19103F-16F7-4668-BE54-9A1E7A4F7556}") = "LoyaltyProgram", "LoyaltyProgram\LoyaltyProgram.csproj", "{DE4D6B50-5F2A-4778-82DE-270D31D583B2}"
EndProject
Project("{E53339B2-1760-4266-BCC7-CA923CBCF16C}") = "docker-compose", "docker-compose.dcproj", "{266DA4FD-D951-448A-AF8F-DA45BF557E91}"
EndProject
Project("{FAE04EC0-301F-11D3-BF4B-00C04F79EFBC}") = "SpecialOffers", "SpecialOffers\SpecialOffers.csproj", "{E45E59D4-C478-48A0-95E2-A739D3EADD82}"
EndProject
Project("{FAE04EC0-301F-11D3-BF4B-00C04F79EFBC}") = "LoyaltyProgramEventConsumer", "LoyaltyProgramEventConsumer\LoyaltyProgramEventConsumer.csproj", "{0CDF1911-41CE-41E8-AFC0-90B4E18EA429}"
EndProject
Global
	GlobalSection(SolutionConfigurationPlatforms) = preSolution
		Debug|Any CPU = Debug|Any CPU
		Release|Any CPU = Release|Any CPU
	EndGlobalSection
	GlobalSection(ProjectConfigurationPlatforms) = postSolution
		{DE4D6B50-5F2A-4778-82DE-270D31D583B2}.Debug|Any CPU.ActiveCfg = Debug|Any CPU
		{DE4D6B50-5F2A-4778-82DE-270D31D583B2}.Debug|Any CPU.Build.0 = Debug|Any CPU
		{DE4D6B50-5F2A-4778-82DE-270D31D583B2}.Release|Any CPU.ActiveCfg = Release|Any CPU
		{DE4D6B50-5F2A-4778-82DE-270D31D583B2}.Release|Any CPU.Build.0 = Release|Any CPU
		{266DA4FD-D951-448A-AF8F-DA45BF557E91}.Debug|Any CPU.ActiveCfg = Debug|Any CPU
		{266DA4FD-D951-448A-AF8F-DA45BF557E91}.Debug|Any CPU.Build.0 = Debug|Any CPU
		{266DA4FD-D951-448A-AF8F-DA45BF557E91}.Release|Any CPU.ActiveCfg = Release|Any CPU
		{266DA4FD-D951-448A-AF8F-DA45BF557E91}.Release|Any CPU.Build.0 = Release|Any CPU
		{E45E59D4-C478-48A0-95E2-A739D3EADD82}.Debug|Any CPU.ActiveCfg = Debug|Any CPU
		{E45E59D4-C478-48A0-95E2-A739D3EADD82}.Debug|Any CPU.Build.0 = Debug|Any CPU
		{E45E59D4-C478-48A0-95E2-A739D3EADD82}.Release|Any CPU.ActiveCfg = Release|Any CPU
		{E45E59D4-C478-48A0-95E2-A739D3EADD82}.Release|Any CPU.Build.0 = Release|Any CPU
		{0CDF1911-41CE-41E8-AFC0-90B4E18EA429}.Debug|Any CPU.ActiveCfg = Debug|Any CPU
		{0CDF1911-41CE-41E8-AFC0-90B4E18EA429}.Debug|Any CPU.Build.0 = Debug|Any CPU
		{0CDF1911-41CE-41E8-AFC0-90B4E18EA429}.Release|Any CPU.ActiveCfg = Release|Any CPU
		{0CDF1911-41CE-41E8-AFC0-90B4E18EA429}.Release|Any CPU.Build.0 = Release|Any CPU
	EndGlobalSection
	GlobalSection(SolutionProperties) = preSolution
		HideSolutionNode = FALSE
	EndGlobalSection
EndGlobal
